{
  "name": "streamlit-app",
  "lockfileVersion": 3,
  "requires": true,
  "packages": {
    "": {
      "dependencies": {
        "altair": "^1.0.0"
      }
    },
    "node_modules/altair": {
      "version": "1.0.0",
      "resolved": "https://registry.npmjs.org/altair/-/altair-1.0.0.tgz",
      "integrity": "sha512-3sFqdcghg3RalKOPbRLTqzCwGmPuv4+4yGz92r+6469C4Tl3lEcY2vihAXDleKf0pdxbkvQPD0h/RM4aU6mMaw==",
      "license": "ISC"
    }
  }
}
